
Microsoft Visual Studio Solution File, Format Version 12.00
# Visual Studio Version 16
VisualStudioVersion = 16.0.29728.190
MinimumVisualStudioVersion = 10.0.40219.1
Project("{FAE04EC0-301F-11D3-BF4B-00C04F79EFBC}") = "ScatteringParametersTests", "ScatteringParametersTests\ScatteringParametersTests.csproj", "{0C09DBC7-74E3-4D1A-8600-397AC2B94C10}"
EndProject
Project("{FAE04EC0-301F-11D3-BF4B-00C04F79EFBC}") = "Touchstone", "..\..\Source\Touchstone\MicrowaveNetworks.csproj", "{FB684E96-E3BA-46F4-9A55-EA8A5EB2C76C}"
EndProject
Global
	GlobalSection(SolutionConfigurationPlatforms) = preSolution
		Debug|Any CPU = Debug|Any CPU
		Release|Any CPU = Release|Any CPU
	EndGlobalSection
	GlobalSection(ProjectConfigurationPlatforms) = postSolution
		{0C09DBC7-74E3-4D1A-8600-397AC2B94C10}.Debug|Any CPU.ActiveCfg = Debug|Any CPU
		{0C09DBC7-74E3-4D1A-8600-397AC2B94C10}.Debug|Any CPU.Build.0 = Debug|Any CPU
		{0C09DBC7-74E3-4D1A-8600-397AC2B94C10}.Release|Any CPU.ActiveCfg = Release|Any CPU
		{0C09DBC7-74E3-4D1A-8600-397AC2B94C10}.Release|Any CPU.Build.0 = Release|Any CPU
		{FB684E96-E3BA-46F4-9A55-EA8A5EB2C76C}.Debug|Any CPU.ActiveCfg = Debug|Any CPU
		{FB684E96-E3BA-46F4-9A55-EA8A5EB2C76C}.Debug|Any CPU.Build.0 = Debug|Any CPU
		{FB684E96-E3BA-46F4-9A55-EA8A5EB2C76C}.Release|Any CPU.ActiveCfg = Release|Any CPU
		{FB684E96-E3BA-46F4-9A55-EA8A5EB2C76C}.Release|Any CPU.Build.0 = Release|Any CPU
	EndGlobalSection
	GlobalSection(SolutionProperties) = preSolution
		HideSolutionNode = FALSE
	EndGlobalSection
	GlobalSection(ExtensibilityGlobals) = postSolution
		SolutionGuid = {A0C1350B-8136-492E-BAA2-C8DE7E33A22D}
	EndGlobalSection
EndGlobal
